
Microsoft Visual Studio Solution File, Format Version 12.00
# Visual Studio Version 17
VisualStudioVersion = 17.0.31903.59
MinimumVisualStudioVersion = 10.0.40219.1
Project("{FAE04EC0-301F-11D3-BF4B-00C04F79EFBC}") = "SOLID", "SOLID\SOLID.csproj", "{73F3199C-1CE6-42B7-A5BE-0D7B0279DE26}"
EndProject
Global
	GlobalSection(SolutionConfigurationPlatforms) = preSolution
		Debug|Any CPU = Debug|Any CPU
		Release|Any CPU = Release|Any CPU
	EndGlobalSection
	GlobalSection(ProjectConfigurationPlatforms) = postSolution
		{73F3199C-1CE6-42B7-A5BE-0D7B0279DE26}.Debug|Any CPU.ActiveCfg = Debug|Any CPU
		{73F3199C-1CE6-42B7-A5BE-0D7B0279DE26}.Debug|Any CPU.Build.0 = Debug|Any CPU
		{73F3199C-1CE6-42B7-A5BE-0D7B0279DE26}.Release|Any CPU.ActiveCfg = Release|Any CPU
		{73F3199C-1CE6-42B7-A5BE-0D7B0279DE26}.Release|Any CPU.Build.0 = Release|Any CPU
	EndGlobalSection
	GlobalSection(SolutionProperties) = preSolution
		HideSolutionNode = FALSE
	EndGlobalSection
	GlobalSection(ExtensibilityGlobals) = postSolution
		SolutionGuid = {BA9C01E1-195E-405E-B543-91C69592493F}
	EndGlobalSection
EndGlobal
